
Microsoft Visual Studio Solution File, Format Version 12.00
# Visual Studio Version 17
VisualStudioVersion = 17.3.32922.545
MinimumVisualStudioVersion = 10.0.40219.1
Project("{FAE04EC0-301F-11D3-BF4B-00C04F79EFBC}") = "Classe_Carro", "Classe_Carro.csproj", "{296E72F9-5B69-4F34-AA01-A2C31A2BD709}"
EndProject
Global
	GlobalSection(SolutionConfigurationPlatforms) = preSolution
		Debug|Any CPU = Debug|Any CPU
		Release|Any CPU = Release|Any CPU
	EndGlobalSection
	GlobalSection(ProjectConfigurationPlatforms) = postSolution
		{296E72F9-5B69-4F34-AA01-A2C31A2BD709}.Debug|Any CPU.ActiveCfg = Debug|Any CPU
		{296E72F9-5B69-4F34-AA01-A2C31A2BD709}.Debug|Any CPU.Build.0 = Debug|Any CPU
		{296E72F9-5B69-4F34-AA01-A2C31A2BD709}.Release|Any CPU.ActiveCfg = Release|Any CPU
		{296E72F9-5B69-4F34-AA01-A2C31A2BD709}.Release|Any CPU.Build.0 = Release|Any CPU
	EndGlobalSection
	GlobalSection(SolutionProperties) = preSolution
		HideSolutionNode = FALSE
	EndGlobalSection
	GlobalSection(ExtensibilityGlobals) = postSolution
		SolutionGuid = {18C1D902-8713-48AB-AABC-9E9A94A54581}
	EndGlobalSection
EndGlobal
